# This file was autogenerated by Stack.
# You should not edit this file by hand.
# For more information, please see the documentation at:
#   https://docs.haskellstack.org/en/stable/lock_files

packages:
- completed:
    hackage: postgresql-simple-migration-0.1.15.0@sha256:123d8f62b0e300aede37e2d6dacc81b9468cb68dc5c3f52fe807085992280aa8,3969
    pantry-tree:
      size: 766
      sha256: 186c759339e91c18b51879a5795f6cf8db2639001eb6b0e7c017d90e5dfa6ab2
  original:
    hackage: postgresql-simple-migration-0.1.15.0@sha256:123d8f62b0e300aede37e2d6dacc81b9468cb68dc5c3f52fe807085992280aa8,3969
- completed:
    hackage: resource-pool-0.3.0.0@sha256:b47dca24af48001d8247cc8a38cd09f148e9b22d959b845bbdb43ebf47ab072a,1280
    pantry-tree:
      size: 406
      sha256: 3f32d8e8bb2e68d5d28ed7fd8d960f6c3df95400dd43d68c9b26fdc342a2e9ea
  original:
    hackage: resource-pool-0.3.0.0@sha256:b47dca24af48001d8247cc8a38cd09f148e9b22d959b845bbdb43ebf47ab072a,1280
snapshots:
- completed:
    size: 618884
    url: https://raw.githubusercontent.com/commercialhaskell/stackage-snapshots/master/lts/19/7.yaml
    sha256: 57d4ce67cc097fea2058446927987bc1f7408890e3a6df0da74e5e318f051c20
  original:
    url: https://raw.githubusercontent.com/commercialhaskell/stackage-snapshots/master/lts/19/7.yaml
